
Microsoft Visual Studio Solution File, Format Version 12.00
# Visual Studio Version 17
VisualStudioVersion = 17.0.31903.59
MinimumVisualStudioVersion = 10.0.40219.1
Project("{9A19103F-16F7-4668-BE54-9A1E7A4F7556}") = "WebApi", "WebApi\WebApi.csproj", "{DB989ADB-42E9-46D2-8CB3-FA7ED4871D77}"
EndProject
Project("{9A19103F-16F7-4668-BE54-9A1E7A4F7556}") = "Entities", "Entities\Entities.csproj", "{7D51D7BC-14C4-461C-A1C4-A785E53F9EBA}"
EndProject
Project("{9A19103F-16F7-4668-BE54-9A1E7A4F7556}") = "Repositories", "Repositories\Repositories.csproj", "{8BB5A7A4-678C-41C3-B440-16B4CCB6F52C}"
EndProject
Project("{9A19103F-16F7-4668-BE54-9A1E7A4F7556}") = "Services", "Services\Services.csproj", "{A26808EB-0C09-4AC0-A77B-1A47A166A5FD}"
EndProject
Project("{9A19103F-16F7-4668-BE54-9A1E7A4F7556}") = "Presentation", "Presentation\Presentation.csproj", "{1E1E82C2-4929-40DA-A610-551D032D793B}"
EndProject
Global
	GlobalSection(SolutionConfigurationPlatforms) = preSolution
		Debug|Any CPU = Debug|Any CPU
		Release|Any CPU = Release|Any CPU
	EndGlobalSection
	GlobalSection(ProjectConfigurationPlatforms) = postSolution
		{DB989ADB-42E9-46D2-8CB3-FA7ED4871D77}.Debug|Any CPU.ActiveCfg = Debug|Any CPU
		{DB989ADB-42E9-46D2-8CB3-FA7ED4871D77}.Debug|Any CPU.Build.0 = Debug|Any CPU
		{DB989ADB-42E9-46D2-8CB3-FA7ED4871D77}.Release|Any CPU.ActiveCfg = Release|Any CPU
		{DB989ADB-42E9-46D2-8CB3-FA7ED4871D77}.Release|Any CPU.Build.0 = Release|Any CPU
		{7D51D7BC-14C4-461C-A1C4-A785E53F9EBA}.Debug|Any CPU.ActiveCfg = Debug|Any CPU
		{7D51D7BC-14C4-461C-A1C4-A785E53F9EBA}.Debug|Any CPU.Build.0 = Debug|Any CPU
		{7D51D7BC-14C4-461C-A1C4-A785E53F9EBA}.Release|Any CPU.ActiveCfg = Release|Any CPU
		{7D51D7BC-14C4-461C-A1C4-A785E53F9EBA}.Release|Any CPU.Build.0 = Release|Any CPU
		{8BB5A7A4-678C-41C3-B440-16B4CCB6F52C}.Debug|Any CPU.ActiveCfg = Debug|Any CPU
		{8BB5A7A4-678C-41C3-B440-16B4CCB6F52C}.Debug|Any CPU.Build.0 = Debug|Any CPU
		{8BB5A7A4-678C-41C3-B440-16B4CCB6F52C}.Release|Any CPU.ActiveCfg = Release|Any CPU
		{8BB5A7A4-678C-41C3-B440-16B4CCB6F52C}.Release|Any CPU.Build.0 = Release|Any CPU
		{A26808EB-0C09-4AC0-A77B-1A47A166A5FD}.Debug|Any CPU.ActiveCfg = Debug|Any CPU
		{A26808EB-0C09-4AC0-A77B-1A47A166A5FD}.Debug|Any CPU.Build.0 = Debug|Any CPU
		{A26808EB-0C09-4AC0-A77B-1A47A166A5FD}.Release|Any CPU.ActiveCfg = Release|Any CPU
		{A26808EB-0C09-4AC0-A77B-1A47A166A5FD}.Release|Any CPU.Build.0 = Release|Any CPU
		{1E1E82C2-4929-40DA-A610-551D032D793B}.Debug|Any CPU.ActiveCfg = Debug|Any CPU
		{1E1E82C2-4929-40DA-A610-551D032D793B}.Debug|Any CPU.Build.0 = Debug|Any CPU
		{1E1E82C2-4929-40DA-A610-551D032D793B}.Release|Any CPU.ActiveCfg = Release|Any CPU
		{1E1E82C2-4929-40DA-A610-551D032D793B}.Release|Any CPU.Build.0 = Release|Any CPU
	EndGlobalSection
	GlobalSection(SolutionProperties) = preSolution
		HideSolutionNode = FALSE
	EndGlobalSection
	GlobalSection(ExtensibilityGlobals) = postSolution
		SolutionGuid = {D172EA95-783E-449F-8795-4E5153641950}
	EndGlobalSection
EndGlobal
